{
  "name": "JF_uniapp",
  "version": "1.0.0",
  "lockfileVersion": 1,
  "requires": true,
  "dependencies": {
    "@dcloudio/types": {
      "version": "2.5.8",
      "resolved": "https://registry.npmjs.org/@dcloudio/types/-/types-2.5.8.tgz",
      "integrity": "sha512-H/6I+Ui2F/g/juepMrx3wx2jfOFI8sRlKlAxOMycR2o75/ghVIhJU6GW9hU1DYNActGsM5UhcdpZYLL0qXkr4Q=="
    },
    "luch-request": {
      "version": "3.0.7",
      "resolved": "https://registry.npmjs.org/luch-request/-/luch-request-3.0.7.tgz",
      "integrity": "sha512-rYTgAO0CiAMjuotvwhtEREQ6mh/qdgYO2a+cKDv2VPnww/MdNaHMGMpsPY6VvJCOtfH7kV9lDujjuihhlu1xmg==",
      "requires": {
        "@dcloudio/types": "^2.0.16"
      }
    },
    "moment": {
      "version": "2.29.1",
      "resolved": "https://registry.npmjs.org/moment/-/moment-2.29.1.tgz",
      "integrity": "sha512-kHmoybcPV8Sqy59DwNDY3Jefr64lK/by/da0ViFcuA4DH0vQg5Q6Ze5VimxkfQNSC+Mls/Kx53s7TjP1RhFEDQ=="
    },
    "uview-ui": {
      "version": "1.8.4",
      "resolved": "https://registry.npmjs.org/uview-ui/-/uview-ui-1.8.4.tgz",
      "integrity": "sha512-Zr+D5dFdNy6CdHQLBEXeGq/w0LkjxzBtsgaaDwLl0P58g67H7fBBDvy6AzWK/k0c7dwPYMBiK7I4Tr9p92+0DA=="
    }
  }
}
